<Solution>
  <Folder Name="/Apps/">
    <Project Path="Apps/A_exercise_EC_BE.Presentation/A_exercise_EC_BE.Presentation.csproj" />
    <Project Path="Apps/A_exercise_EC_BE.Application/A_exercise_EC_BE.Application.csproj" />
    <Project Path="Apps/A_exercise_EC_BE.Domain/A_exercise_EC_BE.Domain.csproj" />
    <Project Path="Apps/A_exercise_EC_BE.Infrastructure/A_exercise_EC_BE.Infrastructure.csproj" />
  </Folder>
  <Folder Name="/Tests/">
    <Project Path="Tests/A_exercise_EC_BE.Presentation.Tests/A_exercise_EC_BE.Presentation.Tests.csproj" />
    <Project Path="Tests/A_exercise_EC_BE.Application.Tests/A_exercise_EC_BE.Application.Tests.csproj" />
    <Project Path="Tests/A_exercise_EC_BE.Domain.Tests/A_exercise_EC_BE.Domain.Tests.csproj" />
    <Project Path="Tests/A_exercise_EC_BE.Infrastructure.Tests/A_exercise_EC_BE.Infrastructure.Tests.csproj" />
  </Folder>
</Solution>
