<Solution>
  <Folder Name="/Apps/">
    <Project Path="Apps/A_exercise_EC_BE.Applications/A_exercise_EC_BE.Applications.csproj" />
    <Project Path="Apps/A_exercise_EC_BE.Domains/A_exercise_EC_BE.Domains.csproj" />
    <Project Path="Apps/A_exercise_EC_BE.Infrastructures/A_exercise_EC_BE.Infrastructures.csproj" />
    <Project Path="Apps/A_exercise_EC_BE.Presentations/A_exercise_EC_BE.Presentations.csproj" />
  </Folder>
  <Folder Name="/Tests/">
    <Project Path="Tests/A_exercise_EC_BE.Applications.Tests/A_exercise_EC_BE.Applications.Tests.csproj" />
    <Project Path="Tests/A_exercise_EC_BE.Domains.Tests/A_exercise_EC_BE.Domains.Tests.csproj" />
    <Project Path="Tests/A_exercise_EC_BE.Infrastructures.Tests/A_exercise_EC_BE.Infrastructures.Tests.csproj" />
    <Project Path="Tests/A_exercise_EC_BE.Presentations.Tests/A_exercise_EC_BE.Presentations.Tests.csproj" />
  </Folder>
</Solution>
